{
  "version": 4,
  "terraform_version": "1.14.7",
  "serial": 3,
  "lineage": "dcb6b01c-66e9-77e0-1760-5774d61cbee0",
  "outputs": {
    "server_ip": {
      "value": "95.179.251.40",
      "type": "string"
    }
  },
  "resources": [
    {
      "mode": "managed",
      "type": "vultr_instance",
      "name": "openclaw_server",
      "provider": "provider[\"registry.terraform.io/vultr/vultr\"]",
      "instances": [
        {
          "schema_version": 0,
          "attributes": {
            "activation_email": true,
            "allowed_bandwidth": 3,
            "app_id": 0,
            "app_variables": null,
            "backups": "disabled",
            "backups_schedule": [],
            "date_created": "2026-03-17T10:43:12+00:00",
            "ddos_protection": false,
            "default_password": "Ar7)56(5E2#9KLXP",
            "disable_public_ipv4": null,
            "disk": 55,
            "enable_ipv6": null,
            "features": [],
            "firewall_group_id": "",
            "gateway_v4": "95.179.250.1",
            "hostname": "openclaw",
            "id": "78c3bbdd-a467-48db-997b-003c34b80dcd",
            "image_id": null,
            "internal_ip": "",
            "iso_id": null,
            "kvm": "https://my.vultr.com/subs/vps/novnc/api.php?data=djJ8M1hkV2dpYmxzc3BHYWtzMGY0amFpVGNSY29DVGtqLVB830_qgTOWltIsgs7COiDP73JiueFzVxwT-Ls3g1c9JDWJimdvxzH7HeAhclZSTVr8hUBjgWUSJTkyP_tXIxMK2X4WGjVMj1-r-GGePa25aiqgniJQLCiTm3PEANr1T9uPCXvvDDzyETjZ_vixK0XBnG0yUJ_etAeBI6VwP1fAM38a59lTMVfGhHMLK6ari18",
            "label": "openclaw-server",
            "main_ip": "95.179.251.40",
            "netmask_v4": "255.255.254.0",
            "os": "Ubuntu 24.04 LTS x64",
            "os_id": 2284,
            "plan": "vc2-1c-2gb",
            "power_status": "running",
            "ram": 2048,
            "region": "fra",
            "reserved_ip_id": null,
            "script_id": null,
            "server_status": "ok",
            "snapshot_id": null,
            "ssh_key_ids": [
              "8584fca6-6ad1-4bec-8cba-d42bbe217b0c"
            ],
            "status": "active",
            "tags": [
              "openclaw"
            ],
            "timeouts": null,
            "user_data": null,
            "v6_main_ip": "",
            "v6_network": "",
            "v6_network_size": 0,
            "vcpu_count": 1,
            "vpc2_ids": null,
            "vpc_ids": []
          },
          "sensitive_attributes": [
            [
              {
                "type": "get_attr",
                "value": "default_password"
              }
            ]
          ],
          "identity_schema_version": 0,
          "private": "eyJlMmJmYjczMC1lY2FhLTExZTYtOGY4OC0zNDM2M2JjN2M0YzAiOnsiY3JlYXRlIjozNjAwMDAwMDAwMDAwLCJ1cGRhdGUiOjM2MDAwMDAwMDAwMDB9fQ==",
          "dependencies": [
            "vultr_ssh_key.openclaw_key"
          ]
        }
      ]
    },
    {
      "mode": "managed",
      "type": "vultr_ssh_key",
      "name": "openclaw_key",
      "provider": "provider[\"registry.terraform.io/vultr/vultr\"]",
      "instances": [
        {
          "schema_version": 0,
          "attributes": {
            "date_created": "2026-03-17T10:42:23+00:00",
            "id": "8584fca6-6ad1-4bec-8cba-d42bbe217b0c",
            "name": "openclaw-key",
            "ssh_key": "ssh-rsa AAAAB3NzaC1yc2EAAAADAQABAAABgQCHOu54r37Nusy5dyN7lAFpgU4WkQx+S+EJGWHCX+MkJZmMu5Pn38foTml2hA9jNBjj2ZiNPTihY19Rtrh+80YZJ+mNN0+Vyg1uylMAisnq9+EYnIIS85R0Ht4MRNW4h2LEHO/wSa7pewtBhARxSt1RY0BhnNdtQs7HiSV0zVNyUYYckefAO0Pxvf+OSYqyL2l8CWVpmpuIdHDHXC2vA6bKYhJ0RVAHLY5J15o7y8bgeMyBZGU2OTMHF/Lwhvc9ey5BhQ+XQBgL5TzBhabnxo2clivQOI9mwqwYC422/1s8Neu69+/UkvOhplTmiF6qwMcpxk+mVyJT6UCcrNt2xdw/mcULBzMUWAjwvWoVfKwmQA/2hzusu8NbE9h6Mr/uAnIB+1zRw4JfVUej7Thf4wQ6I3TNL7gxYuqfpnQ+VN2/PP7YjWF2UMdSsElWqSVcZTeSdmZSUegA99GPafXdAhEmfRzXzxhZ9mWC0ccGPN/oYKchEBIps9Qu/BH6DvePbac= kev@elitebook"
          },
          "sensitive_attributes": [],
          "identity_schema_version": 0,
          "private": "bnVsbA=="
        }
      ]
    }
  ],
  "check_results": null
}
